
Microsoft Visual Studio Solution File, Format Version 12.00
# Visual Studio Version 16
VisualStudioVersion = 16.0.31129.286
MinimumVisualStudioVersion = 10.0.40219.1
Project("{9A19103F-16F7-4668-BE54-9A1E7A4F7556}") = "BoletimNotasEscolares", "TesteEmphasysITEvolucional\BoletimNotasEscolares.csproj", "{C95E8ECA-F877-4294-8912-E8866EFD310C}"
EndProject
Project("{2150E333-8FDC-42A3-9474-1A3956D46DE8}") = "docs", "docs", "{65E09A5E-D908-4750-B9E6-E89801BE2728}"
	ProjectSection(SolutionItems) = preProject
		C:\Users\TheOwner\Downloads\Contexto.pdf = C:\Users\TheOwner\Downloads\Contexto.pdf
		support-urls.txt = support-urls.txt
	EndProjectSection
EndProject
Project("{2150E333-8FDC-42A3-9474-1A3956D46DE8}") = "src", "src", "{F3A42C92-84D1-44BB-8A37-080118C26ACD}"
EndProject
Global
	GlobalSection(SolutionConfigurationPlatforms) = preSolution
		Debug|Any CPU = Debug|Any CPU
		Release|Any CPU = Release|Any CPU
	EndGlobalSection
	GlobalSection(ProjectConfigurationPlatforms) = postSolution
		{C95E8ECA-F877-4294-8912-E8866EFD310C}.Debug|Any CPU.ActiveCfg = Debug|Any CPU
		{C95E8ECA-F877-4294-8912-E8866EFD310C}.Debug|Any CPU.Build.0 = Debug|Any CPU
		{C95E8ECA-F877-4294-8912-E8866EFD310C}.Release|Any CPU.ActiveCfg = Release|Any CPU
		{C95E8ECA-F877-4294-8912-E8866EFD310C}.Release|Any CPU.Build.0 = Release|Any CPU
	EndGlobalSection
	GlobalSection(SolutionProperties) = preSolution
		HideSolutionNode = FALSE
	EndGlobalSection
	GlobalSection(NestedProjects) = preSolution
		{C95E8ECA-F877-4294-8912-E8866EFD310C} = {F3A42C92-84D1-44BB-8A37-080118C26ACD}
	EndGlobalSection
	GlobalSection(ExtensibilityGlobals) = postSolution
		SolutionGuid = {723694C4-DF64-47AA-9D21-B7839C09272F}
	EndGlobalSection
EndGlobal
